
Microsoft Visual Studio Solution File, Format Version 12.00
# Visual Studio Version 16
VisualStudioVersion = 16.0.31410.357
MinimumVisualStudioVersion = 10.0.40219.1
Project("{FAE04EC0-301F-11D3-BF4B-00C04F79EFBC}") = "DirectPackageInstaller", "DirectPackageInstaller.csproj", "{6524ABF4-4452-4F60-9FD3-5C67890BDB83}"
EndProject
Project("{FAE04EC0-301F-11D3-BF4B-00C04F79EFBC}") = "LibOrbisPkg", "LibOrbisPkg\LibOrbisPkg.csproj", "{B053F491-FF0F-4CBB-B03B-520591BB0441}"
EndProject
Project("{9A19103F-16F7-4668-BE54-9A1E7A4F7556}") = "HttpServerLite", "HttpServerLite\HttpServerLite\HttpServerLite.csproj", "{AD78E9D0-D9A8-4C90-BEE2-213F147C8CD7}"
EndProject
Project("{FAE04EC0-301F-11D3-BF4B-00C04F79EFBC}") = "DPITest", "..\DPITest\DPITest.csproj", "{BE7C63DF-7875-4E66-81F2-8B20FF3336C5}"
EndProject
Global
	GlobalSection(SolutionConfigurationPlatforms) = preSolution
		Debug|Any CPU = Debug|Any CPU
		Release|Any CPU = Release|Any CPU
	EndGlobalSection
	GlobalSection(ProjectConfigurationPlatforms) = postSolution
		{6524ABF4-4452-4F60-9FD3-5C67890BDB83}.Debug|Any CPU.ActiveCfg = Debug|Any CPU
		{6524ABF4-4452-4F60-9FD3-5C67890BDB83}.Debug|Any CPU.Build.0 = Debug|Any CPU
		{6524ABF4-4452-4F60-9FD3-5C67890BDB83}.Release|Any CPU.ActiveCfg = Release|Any CPU
		{6524ABF4-4452-4F60-9FD3-5C67890BDB83}.Release|Any CPU.Build.0 = Release|Any CPU
		{B053F491-FF0F-4CBB-B03B-520591BB0441}.Debug|Any CPU.ActiveCfg = Debug|Any CPU
		{B053F491-FF0F-4CBB-B03B-520591BB0441}.Debug|Any CPU.Build.0 = Debug|Any CPU
		{B053F491-FF0F-4CBB-B03B-520591BB0441}.Release|Any CPU.ActiveCfg = Release|Any CPU
		{B053F491-FF0F-4CBB-B03B-520591BB0441}.Release|Any CPU.Build.0 = Release|Any CPU
		{AD78E9D0-D9A8-4C90-BEE2-213F147C8CD7}.Debug|Any CPU.ActiveCfg = Debug|Any CPU
		{AD78E9D0-D9A8-4C90-BEE2-213F147C8CD7}.Debug|Any CPU.Build.0 = Debug|Any CPU
		{AD78E9D0-D9A8-4C90-BEE2-213F147C8CD7}.Release|Any CPU.ActiveCfg = Release|Any CPU
		{AD78E9D0-D9A8-4C90-BEE2-213F147C8CD7}.Release|Any CPU.Build.0 = Release|Any CPU
		{BE7C63DF-7875-4E66-81F2-8B20FF3336C5}.Debug|Any CPU.ActiveCfg = Debug|Any CPU
		{BE7C63DF-7875-4E66-81F2-8B20FF3336C5}.Debug|Any CPU.Build.0 = Debug|Any CPU
		{BE7C63DF-7875-4E66-81F2-8B20FF3336C5}.Release|Any CPU.ActiveCfg = Release|Any CPU
		{BE7C63DF-7875-4E66-81F2-8B20FF3336C5}.Release|Any CPU.Build.0 = Release|Any CPU
	EndGlobalSection
	GlobalSection(SolutionProperties) = preSolution
		HideSolutionNode = FALSE
	EndGlobalSection
	GlobalSection(ExtensibilityGlobals) = postSolution
		SolutionGuid = {08AFD908-7409-42D2-930D-46EA3C434FD3}
	EndGlobalSection
EndGlobal
